
Microsoft Visual Studio Solution File, Format Version 12.00
# Visual Studio Version 16
VisualStudioVersion = 16.0.30503.244
MinimumVisualStudioVersion = 10.0.40219.1
Project("{FAE04EC0-301F-11D3-BF4B-00C04F79EFBC}") = "TestadorSmtp", "TestadorSmtp\TestadorSmtp.csproj", "{1134A815-45D7-41DA-8ACA-8A475A15C875}"
EndProject
Global
	GlobalSection(SolutionConfigurationPlatforms) = preSolution
		Debug|Any CPU = Debug|Any CPU
		Release|Any CPU = Release|Any CPU
	EndGlobalSection
	GlobalSection(ProjectConfigurationPlatforms) = postSolution
		{1134A815-45D7-41DA-8ACA-8A475A15C875}.Debug|Any CPU.ActiveCfg = Debug|Any CPU
		{1134A815-45D7-41DA-8ACA-8A475A15C875}.Debug|Any CPU.Build.0 = Debug|Any CPU
		{1134A815-45D7-41DA-8ACA-8A475A15C875}.Release|Any CPU.ActiveCfg = Release|Any CPU
		{1134A815-45D7-41DA-8ACA-8A475A15C875}.Release|Any CPU.Build.0 = Release|Any CPU
	EndGlobalSection
	GlobalSection(SolutionProperties) = preSolution
		HideSolutionNode = FALSE
	EndGlobalSection
	GlobalSection(ExtensibilityGlobals) = postSolution
		SolutionGuid = {768F41F6-2095-4B89-BEF2-EA4322485803}
	EndGlobalSection
EndGlobal
